
Microsoft Visual Studio Solution File, Format Version 12.00
# Visual Studio Version 16
VisualStudioVersion = 16.0.30717.126
MinimumVisualStudioVersion = 10.0.40219.1
Project("{9A19103F-16F7-4668-BE54-9A1E7A4F7556}") = "ValueObject", "ValueObject\ValueObject.csproj", "{F5AE8E50-5400-4F36-8255-49ECBA24AAC4}"
EndProject
Project("{9A19103F-16F7-4668-BE54-9A1E7A4F7556}") = "ValueObject.Test", "ValueObject.Test\ValueObject.Test.csproj", "{FE9121CC-DF1B-4310-BDA8-56677B48E15F}"
EndProject
Global
	GlobalSection(SolutionConfigurationPlatforms) = preSolution
		Debug|Any CPU = Debug|Any CPU
		Release|Any CPU = Release|Any CPU
	EndGlobalSection
	GlobalSection(ProjectConfigurationPlatforms) = postSolution
		{F5AE8E50-5400-4F36-8255-49ECBA24AAC4}.Debug|Any CPU.ActiveCfg = Debug|Any CPU
		{F5AE8E50-5400-4F36-8255-49ECBA24AAC4}.Debug|Any CPU.Build.0 = Debug|Any CPU
		{F5AE8E50-5400-4F36-8255-49ECBA24AAC4}.Release|Any CPU.ActiveCfg = Release|Any CPU
		{F5AE8E50-5400-4F36-8255-49ECBA24AAC4}.Release|Any CPU.Build.0 = Release|Any CPU
		{FE9121CC-DF1B-4310-BDA8-56677B48E15F}.Debug|Any CPU.ActiveCfg = Debug|Any CPU
		{FE9121CC-DF1B-4310-BDA8-56677B48E15F}.Debug|Any CPU.Build.0 = Debug|Any CPU
		{FE9121CC-DF1B-4310-BDA8-56677B48E15F}.Release|Any CPU.ActiveCfg = Release|Any CPU
		{FE9121CC-DF1B-4310-BDA8-56677B48E15F}.Release|Any CPU.Build.0 = Release|Any CPU
	EndGlobalSection
	GlobalSection(SolutionProperties) = preSolution
		HideSolutionNode = FALSE
	EndGlobalSection
	GlobalSection(ExtensibilityGlobals) = postSolution
		SolutionGuid = {A9EE5914-6E12-45E1-B1A0-C1B631A5A94D}
	EndGlobalSection
EndGlobal
